
Microsoft Visual Studio Solution File, Format Version 12.00
# Visual Studio 15
VisualStudioVersion = 15.0.27703.2035
MinimumVisualStudioVersion = 10.0.40219.1
Project("{FAE04EC0-301F-11D3-BF4B-00C04F79EFBC}") = "SumInts", "SumInts\SumInts.csproj", "{65FEB1E5-B755-42F4-88C7-BC8E5AC1DB83}"
EndProject
Global
	GlobalSection(SolutionConfigurationPlatforms) = preSolution
		Debug|Any CPU = Debug|Any CPU
		Release|Any CPU = Release|Any CPU
	EndGlobalSection
	GlobalSection(ProjectConfigurationPlatforms) = postSolution
		{65FEB1E5-B755-42F4-88C7-BC8E5AC1DB83}.Debug|Any CPU.ActiveCfg = Debug|Any CPU
		{65FEB1E5-B755-42F4-88C7-BC8E5AC1DB83}.Debug|Any CPU.Build.0 = Debug|Any CPU
		{65FEB1E5-B755-42F4-88C7-BC8E5AC1DB83}.Release|Any CPU.ActiveCfg = Release|Any CPU
		{65FEB1E5-B755-42F4-88C7-BC8E5AC1DB83}.Release|Any CPU.Build.0 = Release|Any CPU
	EndGlobalSection
	GlobalSection(SolutionProperties) = preSolution
		HideSolutionNode = FALSE
	EndGlobalSection
	GlobalSection(ExtensibilityGlobals) = postSolution
		SolutionGuid = {E824850B-006A-4B74-B49E-77FCE7B9D73E}
	EndGlobalSection
EndGlobal
